
Microsoft Visual Studio Solution File, Format Version 12.00
# Visual Studio Version 17
VisualStudioVersion = 17.8.34322.80
MinimumVisualStudioVersion = 10.0.40219.1
Project("{FAE04EC0-301F-11D3-BF4B-00C04F79EFBC}") = "NestedForLoop", "NestedForLoop\NestedForLoop.csproj", "{72B8A351-F765-4EF4-966E-622B7E51D7A4}"
EndProject
Global
	GlobalSection(SolutionConfigurationPlatforms) = preSolution
		Debug|Any CPU = Debug|Any CPU
		Release|Any CPU = Release|Any CPU
	EndGlobalSection
	GlobalSection(ProjectConfigurationPlatforms) = postSolution
		{72B8A351-F765-4EF4-966E-622B7E51D7A4}.Debug|Any CPU.ActiveCfg = Debug|Any CPU
		{72B8A351-F765-4EF4-966E-622B7E51D7A4}.Debug|Any CPU.Build.0 = Debug|Any CPU
		{72B8A351-F765-4EF4-966E-622B7E51D7A4}.Release|Any CPU.ActiveCfg = Release|Any CPU
		{72B8A351-F765-4EF4-966E-622B7E51D7A4}.Release|Any CPU.Build.0 = Release|Any CPU
	EndGlobalSection
	GlobalSection(SolutionProperties) = preSolution
		HideSolutionNode = FALSE
	EndGlobalSection
	GlobalSection(ExtensibilityGlobals) = postSolution
		SolutionGuid = {EEA82273-D5F2-4AD4-A071-AD2EB19DB915}
	EndGlobalSection
EndGlobal
