
Microsoft Visual Studio Solution File, Format Version 12.00
# Visual Studio Version 17
VisualStudioVersion = 17.8.34322.80
MinimumVisualStudioVersion = 10.0.40219.1
Project("{FAE04EC0-301F-11D3-BF4B-00C04F79EFBC}") = "ArrayInDescendingOrder", "ArrayInDescendingOrder\ArrayInDescendingOrder.csproj", "{2AC335E6-21EB-4162-9090-D09A40C30331}"
EndProject
Global
	GlobalSection(SolutionConfigurationPlatforms) = preSolution
		Debug|Any CPU = Debug|Any CPU
		Release|Any CPU = Release|Any CPU
	EndGlobalSection
	GlobalSection(ProjectConfigurationPlatforms) = postSolution
		{2AC335E6-21EB-4162-9090-D09A40C30331}.Debug|Any CPU.ActiveCfg = Debug|Any CPU
		{2AC335E6-21EB-4162-9090-D09A40C30331}.Debug|Any CPU.Build.0 = Debug|Any CPU
		{2AC335E6-21EB-4162-9090-D09A40C30331}.Release|Any CPU.ActiveCfg = Release|Any CPU
		{2AC335E6-21EB-4162-9090-D09A40C30331}.Release|Any CPU.Build.0 = Release|Any CPU
	EndGlobalSection
	GlobalSection(SolutionProperties) = preSolution
		HideSolutionNode = FALSE
	EndGlobalSection
	GlobalSection(ExtensibilityGlobals) = postSolution
		SolutionGuid = {02A67FB4-7D35-44B0-A294-56EF380C6A02}
	EndGlobalSection
EndGlobal
