
Microsoft Visual Studio Solution File, Format Version 12.00
# Visual Studio Version 17
VisualStudioVersion = 17.8.34322.80
MinimumVisualStudioVersion = 10.0.40219.1
Project("{FAE04EC0-301F-11D3-BF4B-00C04F79EFBC}") = "GreatestAmong4", "GreatestAmong4\GreatestAmong4.csproj", "{C07ED3D4-F76D-49B3-8FD7-1883E6017FB5}"
EndProject
Global
	GlobalSection(SolutionConfigurationPlatforms) = preSolution
		Debug|Any CPU = Debug|Any CPU
		Release|Any CPU = Release|Any CPU
	EndGlobalSection
	GlobalSection(ProjectConfigurationPlatforms) = postSolution
		{C07ED3D4-F76D-49B3-8FD7-1883E6017FB5}.Debug|Any CPU.ActiveCfg = Debug|Any CPU
		{C07ED3D4-F76D-49B3-8FD7-1883E6017FB5}.Debug|Any CPU.Build.0 = Debug|Any CPU
		{C07ED3D4-F76D-49B3-8FD7-1883E6017FB5}.Release|Any CPU.ActiveCfg = Release|Any CPU
		{C07ED3D4-F76D-49B3-8FD7-1883E6017FB5}.Release|Any CPU.Build.0 = Release|Any CPU
	EndGlobalSection
	GlobalSection(SolutionProperties) = preSolution
		HideSolutionNode = FALSE
	EndGlobalSection
	GlobalSection(ExtensibilityGlobals) = postSolution
		SolutionGuid = {FC95B326-B9F0-48F3-8629-D109DF18B06D}
	EndGlobalSection
EndGlobal
