
Microsoft Visual Studio Solution File, Format Version 12.00
# Visual Studio Version 17
VisualStudioVersion = 17.8.34322.80
MinimumVisualStudioVersion = 10.0.40219.1
Project("{FAE04EC0-301F-11D3-BF4B-00C04F79EFBC}") = "Area of Circle", "Area of Circle\Area of Circle.csproj", "{1D336AAA-0078-46C4-AD0D-C871856D6543}"
EndProject
Global
	GlobalSection(SolutionConfigurationPlatforms) = preSolution
		Debug|Any CPU = Debug|Any CPU
		Release|Any CPU = Release|Any CPU
	EndGlobalSection
	GlobalSection(ProjectConfigurationPlatforms) = postSolution
		{1D336AAA-0078-46C4-AD0D-C871856D6543}.Debug|Any CPU.ActiveCfg = Debug|Any CPU
		{1D336AAA-0078-46C4-AD0D-C871856D6543}.Debug|Any CPU.Build.0 = Debug|Any CPU
		{1D336AAA-0078-46C4-AD0D-C871856D6543}.Release|Any CPU.ActiveCfg = Release|Any CPU
		{1D336AAA-0078-46C4-AD0D-C871856D6543}.Release|Any CPU.Build.0 = Release|Any CPU
	EndGlobalSection
	GlobalSection(SolutionProperties) = preSolution
		HideSolutionNode = FALSE
	EndGlobalSection
	GlobalSection(ExtensibilityGlobals) = postSolution
		SolutionGuid = {A0E953EF-5591-4754-B328-91EE2A0DB551}
	EndGlobalSection
EndGlobal
