
Microsoft Visual Studio Solution File, Format Version 12.00
# Visual Studio Version 17
VisualStudioVersion = 17.8.34322.80
MinimumVisualStudioVersion = 10.0.40219.1
Project("{FAE04EC0-301F-11D3-BF4B-00C04F79EFBC}") = "Question_1", "Question_1\Question_1.csproj", "{1F858546-D3C2-4F87-963F-3B3BC6AF35DD}"
EndProject
Global
	GlobalSection(SolutionConfigurationPlatforms) = preSolution
		Debug|Any CPU = Debug|Any CPU
		Release|Any CPU = Release|Any CPU
	EndGlobalSection
	GlobalSection(ProjectConfigurationPlatforms) = postSolution
		{1F858546-D3C2-4F87-963F-3B3BC6AF35DD}.Debug|Any CPU.ActiveCfg = Debug|Any CPU
		{1F858546-D3C2-4F87-963F-3B3BC6AF35DD}.Debug|Any CPU.Build.0 = Debug|Any CPU
		{1F858546-D3C2-4F87-963F-3B3BC6AF35DD}.Release|Any CPU.ActiveCfg = Release|Any CPU
		{1F858546-D3C2-4F87-963F-3B3BC6AF35DD}.Release|Any CPU.Build.0 = Release|Any CPU
	EndGlobalSection
	GlobalSection(SolutionProperties) = preSolution
		HideSolutionNode = FALSE
	EndGlobalSection
	GlobalSection(ExtensibilityGlobals) = postSolution
		SolutionGuid = {A2D2C5A9-B3EE-4CAB-ABC8-D174B37326C3}
	EndGlobalSection
EndGlobal
