
Microsoft Visual Studio Solution File, Format Version 12.00
# Visual Studio Version 17
VisualStudioVersion = 17.8.34322.80
MinimumVisualStudioVersion = 10.0.40219.1
Project("{FAE04EC0-301F-11D3-BF4B-00C04F79EFBC}") = "Constructor", "Constructor\Constructor.csproj", "{30F46ECD-E523-4914-8CDE-3038E27A4C47}"
EndProject
Global
	GlobalSection(SolutionConfigurationPlatforms) = preSolution
		Debug|Any CPU = Debug|Any CPU
		Release|Any CPU = Release|Any CPU
	EndGlobalSection
	GlobalSection(ProjectConfigurationPlatforms) = postSolution
		{30F46ECD-E523-4914-8CDE-3038E27A4C47}.Debug|Any CPU.ActiveCfg = Debug|Any CPU
		{30F46ECD-E523-4914-8CDE-3038E27A4C47}.Debug|Any CPU.Build.0 = Debug|Any CPU
		{30F46ECD-E523-4914-8CDE-3038E27A4C47}.Release|Any CPU.ActiveCfg = Release|Any CPU
		{30F46ECD-E523-4914-8CDE-3038E27A4C47}.Release|Any CPU.Build.0 = Release|Any CPU
	EndGlobalSection
	GlobalSection(SolutionProperties) = preSolution
		HideSolutionNode = FALSE
	EndGlobalSection
	GlobalSection(ExtensibilityGlobals) = postSolution
		SolutionGuid = {E021BBBB-F49D-470B-BCC5-818B69EBE407}
	EndGlobalSection
EndGlobal
