
Microsoft Visual Studio Solution File, Format Version 12.00
# Visual Studio Version 17
VisualStudioVersion = 17.8.34322.80
MinimumVisualStudioVersion = 10.0.40219.1
Project("{FAE04EC0-301F-11D3-BF4B-00C04F79EFBC}") = "ClassExample3", "ClassExample3\ClassExample3.csproj", "{C637B145-ED9E-42DC-BB41-911BC13567DA}"
EndProject
Global
	GlobalSection(SolutionConfigurationPlatforms) = preSolution
		Debug|Any CPU = Debug|Any CPU
		Release|Any CPU = Release|Any CPU
	EndGlobalSection
	GlobalSection(ProjectConfigurationPlatforms) = postSolution
		{C637B145-ED9E-42DC-BB41-911BC13567DA}.Debug|Any CPU.ActiveCfg = Debug|Any CPU
		{C637B145-ED9E-42DC-BB41-911BC13567DA}.Debug|Any CPU.Build.0 = Debug|Any CPU
		{C637B145-ED9E-42DC-BB41-911BC13567DA}.Release|Any CPU.ActiveCfg = Release|Any CPU
		{C637B145-ED9E-42DC-BB41-911BC13567DA}.Release|Any CPU.Build.0 = Release|Any CPU
	EndGlobalSection
	GlobalSection(SolutionProperties) = preSolution
		HideSolutionNode = FALSE
	EndGlobalSection
	GlobalSection(ExtensibilityGlobals) = postSolution
		SolutionGuid = {62DC3E42-3756-4758-BFC6-E746156D08C4}
	EndGlobalSection
EndGlobal
