
Microsoft Visual Studio Solution File, Format Version 12.00
# Visual Studio Version 17
VisualStudioVersion = 17.8.34322.80
MinimumVisualStudioVersion = 10.0.40219.1
Project("{FAE04EC0-301F-11D3-BF4B-00C04F79EFBC}") = "CallbyvalueExample", "CallbyvalueExample\CallbyvalueExample.csproj", "{FFB12E51-2D88-45BB-B599-3314A88B838B}"
EndProject
Global
	GlobalSection(SolutionConfigurationPlatforms) = preSolution
		Debug|Any CPU = Debug|Any CPU
		Release|Any CPU = Release|Any CPU
	EndGlobalSection
	GlobalSection(ProjectConfigurationPlatforms) = postSolution
		{FFB12E51-2D88-45BB-B599-3314A88B838B}.Debug|Any CPU.ActiveCfg = Debug|Any CPU
		{FFB12E51-2D88-45BB-B599-3314A88B838B}.Debug|Any CPU.Build.0 = Debug|Any CPU
		{FFB12E51-2D88-45BB-B599-3314A88B838B}.Release|Any CPU.ActiveCfg = Release|Any CPU
		{FFB12E51-2D88-45BB-B599-3314A88B838B}.Release|Any CPU.Build.0 = Release|Any CPU
	EndGlobalSection
	GlobalSection(SolutionProperties) = preSolution
		HideSolutionNode = FALSE
	EndGlobalSection
	GlobalSection(ExtensibilityGlobals) = postSolution
		SolutionGuid = {6DF52719-F413-48EA-BEDA-159F04CA2F1C}
	EndGlobalSection
EndGlobal
