
Microsoft Visual Studio Solution File, Format Version 12.00
# Visual Studio Version 17
VisualStudioVersion = 17.8.34322.80
MinimumVisualStudioVersion = 10.0.40219.1
Project("{FAE04EC0-301F-11D3-BF4B-00C04F79EFBC}") = "MiddleNumber", "MiddleNumber\MiddleNumber.csproj", "{1E3B329B-7871-4B88-B005-5B0B62098C07}"
EndProject
Global
	GlobalSection(SolutionConfigurationPlatforms) = preSolution
		Debug|Any CPU = Debug|Any CPU
		Release|Any CPU = Release|Any CPU
	EndGlobalSection
	GlobalSection(ProjectConfigurationPlatforms) = postSolution
		{1E3B329B-7871-4B88-B005-5B0B62098C07}.Debug|Any CPU.ActiveCfg = Debug|Any CPU
		{1E3B329B-7871-4B88-B005-5B0B62098C07}.Debug|Any CPU.Build.0 = Debug|Any CPU
		{1E3B329B-7871-4B88-B005-5B0B62098C07}.Release|Any CPU.ActiveCfg = Release|Any CPU
		{1E3B329B-7871-4B88-B005-5B0B62098C07}.Release|Any CPU.Build.0 = Release|Any CPU
	EndGlobalSection
	GlobalSection(SolutionProperties) = preSolution
		HideSolutionNode = FALSE
	EndGlobalSection
	GlobalSection(ExtensibilityGlobals) = postSolution
		SolutionGuid = {E413FF82-DA8D-4844-8F3C-4E6E546F71E4}
	EndGlobalSection
EndGlobal
