
Microsoft Visual Studio Solution File, Format Version 12.00
# Visual Studio Version 17
VisualStudioVersion = 17.8.34322.80
MinimumVisualStudioVersion = 10.0.40219.1
Project("{FAE04EC0-301F-11D3-BF4B-00C04F79EFBC}") = "2DMatrixMultiplication", "2DMatrixMultiplication\2DMatrixMultiplication.csproj", "{AA1D288A-4C94-4E03-A8B9-0697013B6F6F}"
EndProject
Global
	GlobalSection(SolutionConfigurationPlatforms) = preSolution
		Debug|Any CPU = Debug|Any CPU
		Release|Any CPU = Release|Any CPU
	EndGlobalSection
	GlobalSection(ProjectConfigurationPlatforms) = postSolution
		{AA1D288A-4C94-4E03-A8B9-0697013B6F6F}.Debug|Any CPU.ActiveCfg = Debug|Any CPU
		{AA1D288A-4C94-4E03-A8B9-0697013B6F6F}.Debug|Any CPU.Build.0 = Debug|Any CPU
		{AA1D288A-4C94-4E03-A8B9-0697013B6F6F}.Release|Any CPU.ActiveCfg = Release|Any CPU
		{AA1D288A-4C94-4E03-A8B9-0697013B6F6F}.Release|Any CPU.Build.0 = Release|Any CPU
	EndGlobalSection
	GlobalSection(SolutionProperties) = preSolution
		HideSolutionNode = FALSE
	EndGlobalSection
	GlobalSection(ExtensibilityGlobals) = postSolution
		SolutionGuid = {C8468768-9ED1-4268-8E3C-19CE1FB9ED26}
	EndGlobalSection
EndGlobal
